// !$*UTF8*$!
{
	archiveVersion = 1;
	classes = {
	};
	objectVersion = 77;
	objects = {

/* Begin PBXBuildFile section */
		EFED0F1B2D76B492004D09A0 /* Preview Assets.xcassets in Resources */ = {isa = PBXBuildFile; fileRef = EFED0F152D76B492004D09A0 /* Preview Assets.xcassets */; };
		EFED0F1C2D76B492004D09A0 /* Assets.xcassets in Resources */ = {isa = PBXBuildFile; fileRef = EFED0F172D76B492004D09A0 /* Assets.xcassets */; };
		EFED0F1D2D76B492004D09A0 /* ContentView.swift in Sources */ = {isa = PBXBuildFile; fileRef = EFED0F182D76B492004D09A0 /* ContentView.swift */; };
		EFED0F1E2D76B492004D09A0 /* HelloCoffeeApp.swift in Sources */ = {isa = PBXBuildFile; fileRef = EFED0F192D76B492004D09A0 /* HelloCoffeeApp.swift */; };
		EFED0F212D76B4D9004D09A0 /* Webservice.swift in Sources */ = {isa = PBXBuildFile; fileRef = EFED0F202D76B4D9004D09A0 /* Webservice.swift */; };
		EFED0F242D76B52F004D09A0 /* Order.swift in Sources */ = {isa = PBXBuildFile; fileRef = EFED0F232D76B52F004D09A0 /* Order.swift */; };
		EFED0F262D76B8AC004D09A0 /* CoffeeModel.swift in Sources */ = {isa = PBXBuildFile; fileRef = EFED0F252D76B8AC004D09A0 /* CoffeeModel.swift */; };
		EFED0F292D76BD64004D09A0 /* NumberFormatter.swift in Sources */ = {isa = PBXBuildFile; fileRef = EFED0F282D76BD64004D09A0 /* NumberFormatter.swift */; };
		EFED0F2C2D76BF03004D09A0 /* OrderCellView.swift in Sources */ = {isa = PBXBuildFile; fileRef = EFED0F2B2D76BF03004D09A0 /* OrderCellView.swift */; };
		EFED0F2F2D76C7A7004D09A0 /* AppEnvironment.swift in Sources */ = {isa = PBXBuildFile; fileRef = EFED0F2E2D76C7A7004D09A0 /* AppEnvironment.swift */; };
		EFED0F402D76D6C7004D09A0 /* AddEditCoffeeView.swift in Sources */ = {isa = PBXBuildFile; fileRef = EFED0F3F2D76D6C7004D09A0 /* AddEditCoffeeView.swift */; };
		EFED0F422D76D936004D09A0 /* View+Ext.swift in Sources */ = {isa = PBXBuildFile; fileRef = EFED0F412D76D936004D09A0 /* View+Ext.swift */; };
		EFED0F442D76DE6C004D09A0 /* String+Ext.swift in Sources */ = {isa = PBXBuildFile; fileRef = EFED0F432D76DE6C004D09A0 /* String+Ext.swift */; };
		EFED0F472D770E97004D09A0 /* OrderDetailView.swift in Sources */ = {isa = PBXBuildFile; fileRef = EFED0F462D770E97004D09A0 /* OrderDetailView.swift */; };
/* End PBXBuildFile section */

/* Begin PBXContainerItemProxy section */
		EFED0F3A2D76CF8A004D09A0 /* PBXContainerItemProxy */ = {
			isa = PBXContainerItemProxy;
			containerPortal = EFED0EFC2D76B48B004D09A0 /* Project object */;
			proxyType = 1;
			remoteGlobalIDString = EFED0F032D76B48B004D09A0;
			remoteInfo = HelloCoffee;
		};
/* End PBXContainerItemProxy section */

/* Begin PBXFileReference section */
		EFED0F042D76B48B004D09A0 /* HelloCoffee.app */ = {isa = PBXFileReference; explicitFileType = wrapper.application; includeInIndex = 0; path = HelloCoffee.app; sourceTree = BUILT_PRODUCTS_DIR; };
		EFED0F152D76B492004D09A0 /* Preview Assets.xcassets */ = {isa = PBXFileReference; lastKnownFileType = folder.assetcatalog; path = "Preview Assets.xcassets"; sourceTree = "<group>"; };
		EFED0F172D76B492004D09A0 /* Assets.xcassets */ = {isa = PBXFileReference; lastKnownFileType = folder.assetcatalog; path = Assets.xcassets; sourceTree = "<group>"; };
		EFED0F182D76B492004D09A0 /* ContentView.swift */ = {isa = PBXFileReference; lastKnownFileType = sourcecode.swift; path = ContentView.swift; sourceTree = "<group>"; };
		EFED0F192D76B492004D09A0 /* HelloCoffeeApp.swift */ = {isa = PBXFileReference; lastKnownFileType = sourcecode.swift; path = HelloCoffeeApp.swift; sourceTree = "<group>"; };
		EFED0F202D76B4D9004D09A0 /* Webservice.swift */ = {isa = PBXFileReference; lastKnownFileType = sourcecode.swift; path = Webservice.swift; sourceTree = "<group>"; };
		EFED0F232D76B52F004D09A0 /* Order.swift */ = {isa = PBXFileReference; lastKnownFileType = sourcecode.swift; path = Order.swift; sourceTree = "<group>"; };
		EFED0F252D76B8AC004D09A0 /* CoffeeModel.swift */ = {isa = PBXFileReference; lastKnownFileType = sourcecode.swift; path = CoffeeModel.swift; sourceTree = "<group>"; };
		EFED0F282D76BD64004D09A0 /* NumberFormatter.swift */ = {isa = PBXFileReference; lastKnownFileType = sourcecode.swift; path = NumberFormatter.swift; sourceTree = "<group>"; };
		EFED0F2B2D76BF03004D09A0 /* OrderCellView.swift */ = {isa = PBXFileReference; lastKnownFileType = sourcecode.swift; path = OrderCellView.swift; sourceTree = "<group>"; };
		EFED0F2E2D76C7A7004D09A0 /* AppEnvironment.swift */ = {isa = PBXFileReference; lastKnownFileType = sourcecode.swift; path = AppEnvironment.swift; sourceTree = "<group>"; };
		EFED0F342D76CF8A004D09A0 /* HelloCoffeeE2ETests.xctest */ = {isa = PBXFileReference; explicitFileType = wrapper.cfbundle; includeInIndex = 0; path = HelloCoffeeE2ETests.xctest; sourceTree = BUILT_PRODUCTS_DIR; };
		EFED0F3F2D76D6C7004D09A0 /* AddEditCoffeeView.swift */ = {isa = PBXFileReference; lastKnownFileType = sourcecode.swift; path = AddEditCoffeeView.swift; sourceTree = "<group>"; };
		EFED0F412D76D936004D09A0 /* View+Ext.swift */ = {isa = PBXFileReference; lastKnownFileType = sourcecode.swift; path = "View+Ext.swift"; sourceTree = "<group>"; };
		EFED0F432D76DE6C004D09A0 /* String+Ext.swift */ = {isa = PBXFileReference; lastKnownFileType = sourcecode.swift; path = "String+Ext.swift"; sourceTree = "<group>"; };
		EFED0F452D76F2CA004D09A0 /* HelloCoffee.xctestplan */ = {isa = PBXFileReference; lastKnownFileType = text; path = HelloCoffee.xctestplan; sourceTree = "<group>"; };
		EFED0F462D770E97004D09A0 /* OrderDetailView.swift */ = {isa = PBXFileReference; lastKnownFileType = sourcecode.swift; path = OrderDetailView.swift; sourceTree = "<group>"; };
/* End PBXFileReference section */

/* Begin PBXFileSystemSynchronizedRootGroup section */
		EFED0F352D76CF8A004D09A0 /* HelloCoffeeE2ETests */ = {
			isa = PBXFileSystemSynchronizedRootGroup;
			path = HelloCoffeeE2ETests;
			sourceTree = "<group>";
		};
/* End PBXFileSystemSynchronizedRootGroup section */

/* Begin PBXFrameworksBuildPhase section */
		EFED0F012D76B48B004D09A0 /* Frameworks */ = {
			isa = PBXFrameworksBuildPhase;
			buildActionMask = 2147483647;
			files = (
			);
			runOnlyForDeploymentPostprocessing = 0;
		};
		EFED0F312D76CF8A004D09A0 /* Frameworks */ = {
			isa = PBXFrameworksBuildPhase;
			buildActionMask = 2147483647;
			files = (
			);
			runOnlyForDeploymentPostprocessing = 0;
		};
/* End PBXFrameworksBuildPhase section */

/* Begin PBXGroup section */
		EFED0EFB2D76B48B004D09A0 = {
			isa = PBXGroup;
			children = (
				EFED0F452D76F2CA004D09A0 /* HelloCoffee.xctestplan */,
				EFED0F1A2D76B492004D09A0 /* HelloCoffee */,
				EFED0F352D76CF8A004D09A0 /* HelloCoffeeE2ETests */,
				EFED0F052D76B48B004D09A0 /* Products */,
			);
			sourceTree = "<group>";
		};
		EFED0F052D76B48B004D09A0 /* Products */ = {
			isa = PBXGroup;
			children = (
				EFED0F042D76B48B004D09A0 /* HelloCoffee.app */,
				EFED0F342D76CF8A004D09A0 /* HelloCoffeeE2ETests.xctest */,
			);
			name = Products;
			sourceTree = "<group>";
		};
		EFED0F162D76B492004D09A0 /* Preview Content */ = {
			isa = PBXGroup;
			children = (
				EFED0F152D76B492004D09A0 /* Preview Assets.xcassets */,
			);
			path = "Preview Content";
			sourceTree = "<group>";
		};
		EFED0F1A2D76B492004D09A0 /* HelloCoffee */ = {
			isa = PBXGroup;
			children = (
				EFED0F2D2D76C78C004D09A0 /* Utils */,
				EFED0F272D76BD4D004D09A0 /* Extension */,
				EFED0F222D76B523004D09A0 /* Model */,
				EFED0F1F2D76B4C5004D09A0 /* Services */,
				EFED0F2A2D76BEE9004D09A0 /* View */,
				EFED0F182D76B492004D09A0 /* ContentView.swift */,
				EFED0F192D76B492004D09A0 /* HelloCoffeeApp.swift */,
				EFED0F172D76B492004D09A0 /* Assets.xcassets */,
				EFED0F162D76B492004D09A0 /* Preview Content */,
			);
			path = HelloCoffee;
			sourceTree = "<group>";
		};
		EFED0F1F2D76B4C5004D09A0 /* Services */ = {
			isa = PBXGroup;
			children = (
				EFED0F202D76B4D9004D09A0 /* Webservice.swift */,
			);
			path = Services;
			sourceTree = "<group>";
		};
		EFED0F222D76B523004D09A0 /* Model */ = {
			isa = PBXGroup;
			children = (
				EFED0F232D76B52F004D09A0 /* Order.swift */,
				EFED0F252D76B8AC004D09A0 /* CoffeeModel.swift */,
			);
			path = Model;
			sourceTree = "<group>";
		};
		EFED0F272D76BD4D004D09A0 /* Extension */ = {
			isa = PBXGroup;
			children = (
				EFED0F282D76BD64004D09A0 /* NumberFormatter.swift */,
				EFED0F412D76D936004D09A0 /* View+Ext.swift */,
				EFED0F432D76DE6C004D09A0 /* String+Ext.swift */,
			);
			path = Extension;
			sourceTree = "<group>";
		};
		EFED0F2A2D76BEE9004D09A0 /* View */ = {
			isa = PBXGroup;
			children = (
				EFED0F2B2D76BF03004D09A0 /* OrderCellView.swift */,
				EFED0F3F2D76D6C7004D09A0 /* AddEditCoffeeView.swift */,
				EFED0F462D770E97004D09A0 /* OrderDetailView.swift */,
			);
			path = View;
			sourceTree = "<group>";
		};
		EFED0F2D2D76C78C004D09A0 /* Utils */ = {
			isa = PBXGroup;
			children = (
				EFED0F2E2D76C7A7004D09A0 /* AppEnvironment.swift */,
			);
			path = Utils;
			sourceTree = "<group>";
		};
/* End PBXGroup section */

/* Begin PBXNativeTarget section */
		EFED0F032D76B48B004D09A0 /* HelloCoffee */ = {
			isa = PBXNativeTarget;
			buildConfigurationList = EFED0F122D76B48C004D09A0 /* Build configuration list for PBXNativeTarget "HelloCoffee" */;
			buildPhases = (
				EFED0F002D76B48B004D09A0 /* Sources */,
				EFED0F012D76B48B004D09A0 /* Frameworks */,
				EFED0F022D76B48B004D09A0 /* Resources */,
			);
			buildRules = (
			);
			dependencies = (
			);
			name = HelloCoffee;
			packageProductDependencies = (
			);
			productName = HelloCoffee;
			productReference = EFED0F042D76B48B004D09A0 /* HelloCoffee.app */;
			productType = "com.apple.product-type.application";
		};
		EFED0F332D76CF8A004D09A0 /* HelloCoffeeE2ETests */ = {
			isa = PBXNativeTarget;
			buildConfigurationList = EFED0F3E2D76CF8A004D09A0 /* Build configuration list for PBXNativeTarget "HelloCoffeeE2ETests" */;
			buildPhases = (
				EFED0F302D76CF8A004D09A0 /* Sources */,
				EFED0F312D76CF8A004D09A0 /* Frameworks */,
				EFED0F322D76CF8A004D09A0 /* Resources */,
			);
			buildRules = (
			);
			dependencies = (
				EFED0F3B2D76CF8A004D09A0 /* PBXTargetDependency */,
			);
			fileSystemSynchronizedGroups = (
				EFED0F352D76CF8A004D09A0 /* HelloCoffeeE2ETests */,
			);
			name = HelloCoffeeE2ETests;
			packageProductDependencies = (
			);
			productName = HelloCoffeeE2ETests;
			productReference = EFED0F342D76CF8A004D09A0 /* HelloCoffeeE2ETests.xctest */;
			productType = "com.apple.product-type.bundle.ui-testing";
		};
/* End PBXNativeTarget section */

/* Begin PBXProject section */
		EFED0EFC2D76B48B004D09A0 /* Project object */ = {
			isa = PBXProject;
			attributes = {
				BuildIndependentTargetsInParallel = 1;
				LastSwiftUpdateCheck = 1620;
				LastUpgradeCheck = 1620;
				TargetAttributes = {
					EFED0F032D76B48B004D09A0 = {
						CreatedOnToolsVersion = 16.2;
					};
					EFED0F332D76CF8A004D09A0 = {
						CreatedOnToolsVersion = 16.2;
						TestTargetID = EFED0F032D76B48B004D09A0;
					};
				};
			};
			buildConfigurationList = EFED0EFF2D76B48B004D09A0 /* Build configuration list for PBXProject "HelloCoffee" */;
			developmentRegion = en;
			hasScannedForEncodings = 0;
			knownRegions = (
				en,
				Base,
			);
			mainGroup = EFED0EFB2D76B48B004D09A0;
			minimizedProjectReferenceProxies = 1;
			preferredProjectObjectVersion = 77;
			productRefGroup = EFED0F052D76B48B004D09A0 /* Products */;
			projectDirPath = "";
			projectRoot = "";
			targets = (
				EFED0F032D76B48B004D09A0 /* HelloCoffee */,
				EFED0F332D76CF8A004D09A0 /* HelloCoffeeE2ETests */,
			);
		};
/* End PBXProject section */

/* Begin PBXResourcesBuildPhase section */
		EFED0F022D76B48B004D09A0 /* Resources */ = {
			isa = PBXResourcesBuildPhase;
			buildActionMask = 2147483647;
			files = (
				EFED0F1B2D76B492004D09A0 /* Preview Assets.xcassets in Resources */,
				EFED0F1C2D76B492004D09A0 /* Assets.xcassets in Resources */,
			);
			runOnlyForDeploymentPostprocessing = 0;
		};
		EFED0F322D76CF8A004D09A0 /* Resources */ = {
			isa = PBXResourcesBuildPhase;
			buildActionMask = 2147483647;
			files = (
			);
			runOnlyForDeploymentPostprocessing = 0;
		};
/* End PBXResourcesBuildPhase section */

/* Begin PBXSourcesBuildPhase section */
		EFED0F002D76B48B004D09A0 /* Sources */ = {
			isa = PBXSourcesBuildPhase;
			buildActionMask = 2147483647;
			files = (
				EFED0F1D2D76B492004D09A0 /* ContentView.swift in Sources */,
				EFED0F2C2D76BF03004D09A0 /* OrderCellView.swift in Sources */,
				EFED0F472D770E97004D09A0 /* OrderDetailView.swift in Sources */,
				EFED0F422D76D936004D09A0 /* View+Ext.swift in Sources */,
				EFED0F292D76BD64004D09A0 /* NumberFormatter.swift in Sources */,
				EFED0F262D76B8AC004D09A0 /* CoffeeModel.swift in Sources */,
				EFED0F402D76D6C7004D09A0 /* AddEditCoffeeView.swift in Sources */,
				EFED0F1E2D76B492004D09A0 /* HelloCoffeeApp.swift in Sources */,
				EFED0F2F2D76C7A7004D09A0 /* AppEnvironment.swift in Sources */,
				EFED0F242D76B52F004D09A0 /* Order.swift in Sources */,
				EFED0F212D76B4D9004D09A0 /* Webservice.swift in Sources */,
				EFED0F442D76DE6C004D09A0 /* String+Ext.swift in Sources */,
			);
			runOnlyForDeploymentPostprocessing = 0;
		};
		EFED0F302D76CF8A004D09A0 /* Sources */ = {
			isa = PBXSourcesBuildPhase;
			buildActionMask = 2147483647;
			files = (
			);
			runOnlyForDeploymentPostprocessing = 0;
		};
/* End PBXSourcesBuildPhase section */

/* Begin PBXTargetDependency section */
		EFED0F3B2D76CF8A004D09A0 /* PBXTargetDependency */ = {
			isa = PBXTargetDependency;
			target = EFED0F032D76B48B004D09A0 /* HelloCoffee */;
			targetProxy = EFED0F3A2D76CF8A004D09A0 /* PBXContainerItemProxy */;
		};
/* End PBXTargetDependency section */

/* Begin XCBuildConfiguration section */
		EFED0F102D76B48C004D09A0 /* Debug */ = {
			isa = XCBuildConfiguration;
			buildSettings = {
				ALWAYS_SEARCH_USER_PATHS = NO;
				ASSETCATALOG_COMPILER_GENERATE_SWIFT_ASSET_SYMBOL_EXTENSIONS = YES;
				CLANG_ANALYZER_NONNULL = YES;
				CLANG_ANALYZER_NUMBER_OBJECT_CONVERSION = YES_AGGRESSIVE;
				CLANG_CXX_LANGUAGE_STANDARD = "gnu++20";
				CLANG_ENABLE_MODULES = YES;
				CLANG_ENABLE_OBJC_ARC = YES;
				CLANG_ENABLE_OBJC_WEAK = YES;
				CLANG_WARN_BLOCK_CAPTURE_AUTORELEASING = YES;
				CLANG_WARN_BOOL_CONVERSION = YES;
				CLANG_WARN_COMMA = YES;
				CLANG_WARN_CONSTANT_CONVERSION = YES;
				CLANG_WARN_DEPRECATED_OBJC_IMPLEMENTATIONS = YES;
				CLANG_WARN_DIRECT_OBJC_ISA_USAGE = YES_ERROR;
				CLANG_WARN_DOCUMENTATION_COMMENTS = YES;
				CLANG_WARN_EMPTY_BODY = YES;
				CLANG_WARN_ENUM_CONVERSION = YES;
				CLANG_WARN_INFINITE_RECURSION = YES;
				CLANG_WARN_INT_CONVERSION = YES;
				CLANG_WARN_NON_LITERAL_NULL_CONVERSION = YES;
				CLANG_WARN_OBJC_IMPLICIT_RETAIN_SELF = YES;
				CLANG_WARN_OBJC_LITERAL_CONVERSION = YES;
				CLANG_WARN_OBJC_ROOT_CLASS = YES_ERROR;
				CLANG_WARN_QUOTED_INCLUDE_IN_FRAMEWORK_HEADER = YES;
				CLANG_WARN_RANGE_LOOP_ANALYSIS = YES;
				CLANG_WARN_STRICT_PROTOTYPES = YES;
				CLANG_WARN_SUSPICIOUS_MOVE = YES;
				CLANG_WARN_UNGUARDED_AVAILABILITY = YES_AGGRESSIVE;
				CLANG_WARN_UNREACHABLE_CODE = YES;
				CLANG_WARN__DUPLICATE_METHOD_MATCH = YES;
				COPY_PHASE_STRIP = NO;
				DEBUG_INFORMATION_FORMAT = dwarf;
				ENABLE_STRICT_OBJC_MSGSEND = YES;
				ENABLE_TESTABILITY = YES;
				ENABLE_USER_SCRIPT_SANDBOXING = YES;
				GCC_C_LANGUAGE_STANDARD = gnu17;
				GCC_DYNAMIC_NO_PIC = NO;
				GCC_NO_COMMON_BLOCKS = YES;
				GCC_OPTIMIZATION_LEVEL = 0;
				GCC_PREPROCESSOR_DEFINITIONS = (
					"DEBUG=1",
					"$(inherited)",
				);
				GCC_WARN_64_TO_32_BIT_CONVERSION = YES;
				GCC_WARN_ABOUT_RETURN_TYPE = YES_ERROR;
				GCC_WARN_UNDECLARED_SELECTOR = YES;
				GCC_WARN_UNINITIALIZED_AUTOS = YES_AGGRESSIVE;
				GCC_WARN_UNUSED_FUNCTION = YES;
				GCC_WARN_UNUSED_VARIABLE = YES;
				IPHONEOS_DEPLOYMENT_TARGET = 18.2;
				LOCALIZATION_PREFERS_STRING_CATALOGS = YES;
				MTL_ENABLE_DEBUG_INFO = INCLUDE_SOURCE;
				MTL_FAST_MATH = YES;
				ONLY_ACTIVE_ARCH = YES;
				SDKROOT = iphoneos;
				SWIFT_ACTIVE_COMPILATION_CONDITIONS = "DEBUG $(inherited)";
				SWIFT_OPTIMIZATION_LEVEL = "-Onone";
			};
			name = Debug;
		};
		EFED0F112D76B48C004D09A0 /* Release */ = {
			isa = XCBuildConfiguration;
			buildSettings = {
				ALWAYS_SEARCH_USER_PATHS = NO;
				ASSETCATALOG_COMPILER_GENERATE_SWIFT_ASSET_SYMBOL_EXTENSIONS = YES;
				CLANG_ANALYZER_NONNULL = YES;
				CLANG_ANALYZER_NUMBER_OBJECT_CONVERSION = YES_AGGRESSIVE;
				CLANG_CXX_LANGUAGE_STANDARD = "gnu++20";
				CLANG_ENABLE_MODULES = YES;
				CLANG_ENABLE_OBJC_ARC = YES;
				CLANG_ENABLE_OBJC_WEAK = YES;
				CLANG_WARN_BLOCK_CAPTURE_AUTORELEASING = YES;
				CLANG_WARN_BOOL_CONVERSION = YES;
				CLANG_WARN_COMMA = YES;
				CLANG_WARN_CONSTANT_CONVERSION = YES;
				CLANG_WARN_DEPRECATED_OBJC_IMPLEMENTATIONS = YES;
				CLANG_WARN_DIRECT_OBJC_ISA_USAGE = YES_ERROR;
				CLANG_WARN_DOCUMENTATION_COMMENTS = YES;
				CLANG_WARN_EMPTY_BODY = YES;
				CLANG_WARN_ENUM_CONVERSION = YES;
				CLANG_WARN_INFINITE_RECURSION = YES;
				CLANG_WARN_INT_CONVERSION = YES;
				CLANG_WARN_NON_LITERAL_NULL_CONVERSION = YES;
				CLANG_WARN_OBJC_IMPLICIT_RETAIN_SELF = YES;
				CLANG_WARN_OBJC_LITERAL_CONVERSION = YES;
				CLANG_WARN_OBJC_ROOT_CLASS = YES_ERROR;
				CLANG_WARN_QUOTED_INCLUDE_IN_FRAMEWORK_HEADER = YES;
				CLANG_WARN_RANGE_LOOP_ANALYSIS = YES;
				CLANG_WARN_STRICT_PROTOTYPES = YES;
				CLANG_WARN_SUSPICIOUS_MOVE = YES;
				CLANG_WARN_UNGUARDED_AVAILABILITY = YES_AGGRESSIVE;
				CLANG_WARN_UNREACHABLE_CODE = YES;
				CLANG_WARN__DUPLICATE_METHOD_MATCH = YES;
				COPY_PHASE_STRIP = NO;
				DEBUG_INFORMATION_FORMAT = "dwarf-with-dsym";
				ENABLE_NS_ASSERTIONS = NO;
				ENABLE_STRICT_OBJC_MSGSEND = YES;
				ENABLE_USER_SCRIPT_SANDBOXING = YES;
				GCC_C_LANGUAGE_STANDARD = gnu17;
				GCC_NO_COMMON_BLOCKS = YES;
				GCC_WARN_64_TO_32_BIT_CONVERSION = YES;
				GCC_WARN_ABOUT_RETURN_TYPE = YES_ERROR;
				GCC_WARN_UNDECLARED_SELECTOR = YES;
				GCC_WARN_UNINITIALIZED_AUTOS = YES_AGGRESSIVE;
				GCC_WARN_UNUSED_FUNCTION = YES;
				GCC_WARN_UNUSED_VARIABLE = YES;
				IPHONEOS_DEPLOYMENT_TARGET = 18.2;
				LOCALIZATION_PREFERS_STRING_CATALOGS = YES;
				MTL_ENABLE_DEBUG_INFO = NO;
				MTL_FAST_MATH = YES;
				SDKROOT = iphoneos;
				SWIFT_COMPILATION_MODE = wholemodule;
				VALIDATE_PRODUCT = YES;
			};
			name = Release;
		};
		EFED0F132D76B48C004D09A0 /* Debug */ = {
			isa = XCBuildConfiguration;
			buildSettings = {
				ASSETCATALOG_COMPILER_APPICON_NAME = AppIcon;
				ASSETCATALOG_COMPILER_GLOBAL_ACCENT_COLOR_NAME = AccentColor;
				CODE_SIGN_STYLE = Automatic;
				CURRENT_PROJECT_VERSION = 1;
				DEVELOPMENT_ASSET_PATHS = "\"HelloCoffee/Preview Content\"";
				DEVELOPMENT_TEAM = T9MD4URZFH;
				ENABLE_PREVIEWS = YES;
				GENERATE_INFOPLIST_FILE = YES;
				INFOPLIST_KEY_UIApplicationSceneManifest_Generation = YES;
				INFOPLIST_KEY_UIApplicationSupportsIndirectInputEvents = YES;
				INFOPLIST_KEY_UILaunchScreen_Generation = YES;
				INFOPLIST_KEY_UISupportedInterfaceOrientations_iPad = "UIInterfaceOrientationPortrait UIInterfaceOrientationPortraitUpsideDown UIInterfaceOrientationLandscapeLeft UIInterfaceOrientationLandscapeRight";
				INFOPLIST_KEY_UISupportedInterfaceOrientations_iPhone = "UIInterfaceOrientationPortrait UIInterfaceOrientationLandscapeLeft UIInterfaceOrientationLandscapeRight";
				LD_RUNPATH_SEARCH_PATHS = (
					"$(inherited)",
					"@executable_path/Frameworks",
				);
				MARKETING_VERSION = 1.0;
				PRODUCT_BUNDLE_IDENTIFIER = com.superkookai.HelloCoffee;
				PRODUCT_NAME = "$(TARGET_NAME)";
				SWIFT_EMIT_LOC_STRINGS = YES;
				SWIFT_VERSION = 5.0;
				TARGETED_DEVICE_FAMILY = "1,2";
			};
			name = Debug;
		};
		EFED0F142D76B48C004D09A0 /* Release */ = {
			isa = XCBuildConfiguration;
			buildSettings = {
				ASSETCATALOG_COMPILER_APPICON_NAME = AppIcon;
				ASSETCATALOG_COMPILER_GLOBAL_ACCENT_COLOR_NAME = AccentColor;
				CODE_SIGN_STYLE = Automatic;
				CURRENT_PROJECT_VERSION = 1;
				DEVELOPMENT_ASSET_PATHS = "\"HelloCoffee/Preview Content\"";
				DEVELOPMENT_TEAM = T9MD4URZFH;
				ENABLE_PREVIEWS = YES;
				GENERATE_INFOPLIST_FILE = YES;
				INFOPLIST_KEY_UIApplicationSceneManifest_Generation = YES;
				INFOPLIST_KEY_UIApplicationSupportsIndirectInputEvents = YES;
				INFOPLIST_KEY_UILaunchScreen_Generation = YES;
				INFOPLIST_KEY_UISupportedInterfaceOrientations_iPad = "UIInterfaceOrientationPortrait UIInterfaceOrientationPortraitUpsideDown UIInterfaceOrientationLandscapeLeft UIInterfaceOrientationLandscapeRight";
				INFOPLIST_KEY_UISupportedInterfaceOrientations_iPhone = "UIInterfaceOrientationPortrait UIInterfaceOrientationLandscapeLeft UIInterfaceOrientationLandscapeRight";
				LD_RUNPATH_SEARCH_PATHS = (
					"$(inherited)",
					"@executable_path/Frameworks",
				);
				MARKETING_VERSION = 1.0;
				PRODUCT_BUNDLE_IDENTIFIER = com.superkookai.HelloCoffee;
				PRODUCT_NAME = "$(TARGET_NAME)";
				SWIFT_EMIT_LOC_STRINGS = YES;
				SWIFT_VERSION = 5.0;
				TARGETED_DEVICE_FAMILY = "1,2";
			};
			name = Release;
		};
		EFED0F3C2D76CF8A004D09A0 /* Debug */ = {
			isa = XCBuildConfiguration;
			buildSettings = {
				CODE_SIGN_STYLE = Automatic;
				CURRENT_PROJECT_VERSION = 1;
				DEVELOPMENT_TEAM = T9MD4URZFH;
				GENERATE_INFOPLIST_FILE = YES;
				MARKETING_VERSION = 1.0;
				PRODUCT_BUNDLE_IDENTIFIER = com.superkookai.HelloCoffeeE2ETests;
				PRODUCT_NAME = "$(TARGET_NAME)";
				SWIFT_EMIT_LOC_STRINGS = NO;
				SWIFT_VERSION = 5.0;
				TARGETED_DEVICE_FAMILY = "1,2";
				TEST_TARGET_NAME = HelloCoffee;
			};
			name = Debug;
		};
		EFED0F3D2D76CF8A004D09A0 /* Release */ = {
			isa = XCBuildConfiguration;
			buildSettings = {
				CODE_SIGN_STYLE = Automatic;
				CURRENT_PROJECT_VERSION = 1;
				DEVELOPMENT_TEAM = T9MD4URZFH;
				GENERATE_INFOPLIST_FILE = YES;
				MARKETING_VERSION = 1.0;
				PRODUCT_BUNDLE_IDENTIFIER = com.superkookai.HelloCoffeeE2ETests;
				PRODUCT_NAME = "$(TARGET_NAME)";
				SWIFT_EMIT_LOC_STRINGS = NO;
				SWIFT_VERSION = 5.0;
				TARGETED_DEVICE_FAMILY = "1,2";
				TEST_TARGET_NAME = HelloCoffee;
			};
			name = Release;
		};
/* End XCBuildConfiguration section */

/* Begin XCConfigurationList section */
		EFED0EFF2D76B48B004D09A0 /* Build configuration list for PBXProject "HelloCoffee" */ = {
			isa = XCConfigurationList;
			buildConfigurations = (
				EFED0F102D76B48C004D09A0 /* Debug */,
				EFED0F112D76B48C004D09A0 /* Release */,
			);
			defaultConfigurationIsVisible = 0;
			defaultConfigurationName = Release;
		};
		EFED0F122D76B48C004D09A0 /* Build configuration list for PBXNativeTarget "HelloCoffee" */ = {
			isa = XCConfigurationList;
			buildConfigurations = (
				EFED0F132D76B48C004D09A0 /* Debug */,
				EFED0F142D76B48C004D09A0 /* Release */,
			);
			defaultConfigurationIsVisible = 0;
			defaultConfigurationName = Release;
		};
		EFED0F3E2D76CF8A004D09A0 /* Build configuration list for PBXNativeTarget "HelloCoffeeE2ETests" */ = {
			isa = XCConfigurationList;
			buildConfigurations = (
				EFED0F3C2D76CF8A004D09A0 /* Debug */,
				EFED0F3D2D76CF8A004D09A0 /* Release */,
			);
			defaultConfigurationIsVisible = 0;
			defaultConfigurationName = Release;
		};
/* End XCConfigurationList section */
	};
	rootObject = EFED0EFC2D76B48B004D09A0 /* Project object */;
}
